// !$*UTF8*$!
{
	archiveVersion = 1;
	classes = {
	};
	objectVersion = 56;
	objects = {

/* Begin PBXBuildFile section */
		962F33242949E77B00EAA7CD /* AppDelegate.swift in Sources */ = {isa = PBXBuildFile; fileRef = 962F33232949E77B00EAA7CD /* AppDelegate.swift */; };
		962F332B2949E77B00EAA7CD /* Main.storyboard in Resources */ = {isa = PBXBuildFile; fileRef = 962F33292949E77B00EAA7CD /* Main.storyboard */; };
		962F332D2949E77C00EAA7CD /* Assets.xcassets in Resources */ = {isa = PBXBuildFile; fileRef = 962F332C2949E77C00EAA7CD /* Assets.xcassets */; };
		962F33302949E77C00EAA7CD /* LaunchScreen.storyboard in Resources */ = {isa = PBXBuildFile; fileRef = 962F332E2949E77C00EAA7CD /* LaunchScreen.storyboard */; };
		962F333E2949E80000EAA7CD /* Movies2.json in Resources */ = {isa = PBXBuildFile; fileRef = 962F33382949E80000EAA7CD /* Movies2.json */; };
		962F333F2949E80000EAA7CD /* Movies.json in Resources */ = {isa = PBXBuildFile; fileRef = 962F33392949E80000EAA7CD /* Movies.json */; };
		962F33402949E80000EAA7CD /* Movie.swift in Sources */ = {isa = PBXBuildFile; fileRef = 962F333A2949E80000EAA7CD /* Movie.swift */; };
		962F33412949E80000EAA7CD /* MoviesViewController.swift in Sources */ = {isa = PBXBuildFile; fileRef = 962F333B2949E80000EAA7CD /* MoviesViewController.swift */; };
		962F33422949E80000EAA7CD /* MovieCollectionViewCell.swift in Sources */ = {isa = PBXBuildFile; fileRef = 962F333C2949E80000EAA7CD /* MovieCollectionViewCell.swift */; };
		962F33432949E80000EAA7CD /* SampleLoader.swift in Sources */ = {isa = PBXBuildFile; fileRef = 962F333D2949E80000EAA7CD /* SampleLoader.swift */; };
		962F33462949E83B00EAA7CD /* Cache in Frameworks */ = {isa = PBXBuildFile; productRef = 962F33452949E83B00EAA7CD /* Cache */; };
/* End PBXBuildFile section */

/* Begin PBXFileReference section */
		962F33202949E77B00EAA7CD /* Example-iOS.app */ = {isa = PBXFileReference; explicitFileType = wrapper.application; includeInIndex = 0; path = "Example-iOS.app"; sourceTree = BUILT_PRODUCTS_DIR; };
		962F33232949E77B00EAA7CD /* AppDelegate.swift */ = {isa = PBXFileReference; lastKnownFileType = sourcecode.swift; path = AppDelegate.swift; sourceTree = "<group>"; };
		962F332A2949E77B00EAA7CD /* Base */ = {isa = PBXFileReference; lastKnownFileType = file.storyboard; name = Base; path = Base.lproj/Main.storyboard; sourceTree = "<group>"; };
		962F332C2949E77C00EAA7CD /* Assets.xcassets */ = {isa = PBXFileReference; lastKnownFileType = folder.assetcatalog; path = Assets.xcassets; sourceTree = "<group>"; };
		962F332F2949E77C00EAA7CD /* Base */ = {isa = PBXFileReference; lastKnownFileType = file.storyboard; name = Base; path = Base.lproj/LaunchScreen.storyboard; sourceTree = "<group>"; };
		962F33312949E77C00EAA7CD /* Info.plist */ = {isa = PBXFileReference; lastKnownFileType = text.plist.xml; path = Info.plist; sourceTree = "<group>"; };
		962F33382949E80000EAA7CD /* Movies2.json */ = {isa = PBXFileReference; fileEncoding = 4; lastKnownFileType = text.json; path = Movies2.json; sourceTree = "<group>"; };
		962F33392949E80000EAA7CD /* Movies.json */ = {isa = PBXFileReference; fileEncoding = 4; lastKnownFileType = text.json; path = Movies.json; sourceTree = "<group>"; };
		962F333A2949E80000EAA7CD /* Movie.swift */ = {isa = PBXFileReference; fileEncoding = 4; lastKnownFileType = sourcecode.swift; path = Movie.swift; sourceTree = "<group>"; };
		962F333B2949E80000EAA7CD /* MoviesViewController.swift */ = {isa = PBXFileReference; fileEncoding = 4; lastKnownFileType = sourcecode.swift; path = MoviesViewController.swift; sourceTree = "<group>"; };
		962F333C2949E80000EAA7CD /* MovieCollectionViewCell.swift */ = {isa = PBXFileReference; fileEncoding = 4; lastKnownFileType = sourcecode.swift; path = MovieCollectionViewCell.swift; sourceTree = "<group>"; };
		962F333D2949E80000EAA7CD /* SampleLoader.swift */ = {isa = PBXFileReference; fileEncoding = 4; lastKnownFileType = sourcecode.swift; path = SampleLoader.swift; sourceTree = "<group>"; };
/* End PBXFileReference section */

/* Begin PBXFrameworksBuildPhase section */
		962F331D2949E77B00EAA7CD /* Frameworks */ = {
			isa = PBXFrameworksBuildPhase;
			buildActionMask = 2147483647;
			files = (
				962F33462949E83B00EAA7CD /* Cache in Frameworks */,
			);
			runOnlyForDeploymentPostprocessing = 0;
		};
/* End PBXFrameworksBuildPhase section */

/* Begin PBXGroup section */
		962F33172949E77B00EAA7CD = {
			isa = PBXGroup;
			children = (
				962F33222949E77B00EAA7CD /* Example-iOS */,
				962F33212949E77B00EAA7CD /* Products */,
				962F33442949E83B00EAA7CD /* Frameworks */,
			);
			sourceTree = "<group>";
		};
		962F33212949E77B00EAA7CD /* Products */ = {
			isa = PBXGroup;
			children = (
				962F33202949E77B00EAA7CD /* Example-iOS.app */,
			);
			name = Products;
			sourceTree = "<group>";
		};
		962F33222949E77B00EAA7CD /* Example-iOS */ = {
			isa = PBXGroup;
			children = (
				962F33372949E80000EAA7CD /* Movies */,
				962F33232949E77B00EAA7CD /* AppDelegate.swift */,
				962F33292949E77B00EAA7CD /* Main.storyboard */,
				962F332C2949E77C00EAA7CD /* Assets.xcassets */,
				962F332E2949E77C00EAA7CD /* LaunchScreen.storyboard */,
				962F33312949E77C00EAA7CD /* Info.plist */,
			);
			path = "Example-iOS";
			sourceTree = "<group>";
		};
		962F33372949E80000EAA7CD /* Movies */ = {
			isa = PBXGroup;
			children = (
				962F33382949E80000EAA7CD /* Movies2.json */,
				962F33392949E80000EAA7CD /* Movies.json */,
				962F333A2949E80000EAA7CD /* Movie.swift */,
				962F333B2949E80000EAA7CD /* MoviesViewController.swift */,
				962F333C2949E80000EAA7CD /* MovieCollectionViewCell.swift */,
				962F333D2949E80000EAA7CD /* SampleLoader.swift */,
			);
			path = Movies;
			sourceTree = "<group>";
		};
		962F33442949E83B00EAA7CD /* Frameworks */ = {
			isa = PBXGroup;
			children = (
			);
			name = Frameworks;
			sourceTree = "<group>";
		};
/* End PBXGroup section */

/* Begin PBXNativeTarget section */
		962F331F2949E77B00EAA7CD /* Example-iOS */ = {
			isa = PBXNativeTarget;
			buildConfigurationList = 962F33342949E77C00EAA7CD /* Build configuration list for PBXNativeTarget "Example-iOS" */;
			buildPhases = (
				962F331C2949E77B00EAA7CD /* Sources */,
				962F331D2949E77B00EAA7CD /* Frameworks */,
				962F331E2949E77B00EAA7CD /* Resources */,
			);
			buildRules = (
			);
			dependencies = (
			);
			name = "Example-iOS";
			packageProductDependencies = (
				962F33452949E83B00EAA7CD /* Cache */,
			);
			productName = "Example-iOS";
			productReference = 962F33202949E77B00EAA7CD /* Example-iOS.app */;
			productType = "com.apple.product-type.application";
		};
/* End PBXNativeTarget section */

/* Begin PBXProject section */
		962F33182949E77B00EAA7CD /* Project object */ = {
			isa = PBXProject;
			attributes = {
				BuildIndependentTargetsInParallel = 1;
				LastSwiftUpdateCheck = 1400;
				LastUpgradeCheck = 1400;
				TargetAttributes = {
					962F331F2949E77B00EAA7CD = {
						CreatedOnToolsVersion = 14.0;
					};
				};
			};
			buildConfigurationList = 962F331B2949E77B00EAA7CD /* Build configuration list for PBXProject "Example-iOS" */;
			compatibilityVersion = "Xcode 14.0";
			developmentRegion = en;
			hasScannedForEncodings = 0;
			knownRegions = (
				en,
				Base,
			);
			mainGroup = 962F33172949E77B00EAA7CD;
			productRefGroup = 962F33212949E77B00EAA7CD /* Products */;
			projectDirPath = "";
			projectRoot = "";
			targets = (
				962F331F2949E77B00EAA7CD /* Example-iOS */,
			);
		};
/* End PBXProject section */

/* Begin PBXResourcesBuildPhase section */
		962F331E2949E77B00EAA7CD /* Resources */ = {
			isa = PBXResourcesBuildPhase;
			buildActionMask = 2147483647;
			files = (
				962F33302949E77C00EAA7CD /* LaunchScreen.storyboard in Resources */,
				962F333E2949E80000EAA7CD /* Movies2.json in Resources */,
				962F333F2949E80000EAA7CD /* Movies.json in Resources */,
				962F332D2949E77C00EAA7CD /* Assets.xcassets in Resources */,
				962F332B2949E77B00EAA7CD /* Main.storyboard in Resources */,
			);
			runOnlyForDeploymentPostprocessing = 0;
		};
/* End PBXResourcesBuildPhase section */

/* Begin PBXSourcesBuildPhase section */
		962F331C2949E77B00EAA7CD /* Sources */ = {
			isa = PBXSourcesBuildPhase;
			buildActionMask = 2147483647;
			files = (
				962F33242949E77B00EAA7CD /* AppDelegate.swift in Sources */,
				962F33432949E80000EAA7CD /* SampleLoader.swift in Sources */,
				962F33422949E80000EAA7CD /* MovieCollectionViewCell.swift in Sources */,
				962F33402949E80000EAA7CD /* Movie.swift in Sources */,
				962F33412949E80000EAA7CD /* MoviesViewController.swift in Sources */,
			);
			runOnlyForDeploymentPostprocessing = 0;
		};
/* End PBXSourcesBuildPhase section */

/* Begin PBXVariantGroup section */
		962F33292949E77B00EAA7CD /* Main.storyboard */ = {
			isa = PBXVariantGroup;
			children = (
				962F332A2949E77B00EAA7CD /* Base */,
			);
			name = Main.storyboard;
			sourceTree = "<group>";
		};
		962F332E2949E77C00EAA7CD /* LaunchScreen.storyboard */ = {
			isa = PBXVariantGroup;
			children = (
				962F332F2949E77C00EAA7CD /* Base */,
			);
			name = LaunchScreen.storyboard;
			sourceTree = "<group>";
		};
/* End PBXVariantGroup section */

/* Begin XCBuildConfiguration section */
		962F33322949E77C00EAA7CD /* Debug */ = {
			isa = XCBuildConfiguration;
			buildSettings = {
				ALWAYS_SEARCH_USER_PATHS = NO;
				CLANG_ANALYZER_NONNULL = YES;
				CLANG_ANALYZER_NUMBER_OBJECT_CONVERSION = YES_AGGRESSIVE;
				CLANG_CXX_LANGUAGE_STANDARD = "gnu++20";
				CLANG_ENABLE_MODULES = YES;
				CLANG_ENABLE_OBJC_ARC = YES;
				CLANG_ENABLE_OBJC_WEAK = YES;
				CLANG_WARN_BLOCK_CAPTURE_AUTORELEASING = YES;
				CLANG_WARN_BOOL_CONVERSION = YES;
				CLANG_WARN_COMMA = YES;
				CLANG_WARN_CONSTANT_CONVERSION = YES;
				CLANG_WARN_DEPRECATED_OBJC_IMPLEMENTATIONS = YES;
				CLANG_WARN_DIRECT_OBJC_ISA_USAGE = YES_ERROR;
				CLANG_WARN_DOCUMENTATION_COMMENTS = YES;
				CLANG_WARN_EMPTY_BODY = YES;
				CLANG_WARN_ENUM_CONVERSION = YES;
				CLANG_WARN_INFINITE_RECURSION = YES;
				CLANG_WARN_INT_CONVERSION = YES;
				CLANG_WARN_NON_LITERAL_NULL_CONVERSION = YES;
				CLANG_WARN_OBJC_IMPLICIT_RETAIN_SELF = YES;
				CLANG_WARN_OBJC_LITERAL_CONVERSION = YES;
				CLANG_WARN_OBJC_ROOT_CLASS = YES_ERROR;
				CLANG_WARN_QUOTED_INCLUDE_IN_FRAMEWORK_HEADER = YES;
				CLANG_WARN_RANGE_LOOP_ANALYSIS = YES;
				CLANG_WARN_STRICT_PROTOTYPES = YES;
				CLANG_WARN_SUSPICIOUS_MOVE = YES;
				CLANG_WARN_UNGUARDED_AVAILABILITY = YES_AGGRESSIVE;
				CLANG_WARN_UNREACHABLE_CODE = YES;
				CLANG_WARN__DUPLICATE_METHOD_MATCH = YES;
				COPY_PHASE_STRIP = NO;
				DEBUG_INFORMATION_FORMAT = dwarf;
				ENABLE_STRICT_OBJC_MSGSEND = YES;
				ENABLE_TESTABILITY = YES;
				GCC_C_LANGUAGE_STANDARD = gnu11;
				GCC_DYNAMIC_NO_PIC = NO;
				GCC_NO_COMMON_BLOCKS = YES;
				GCC_OPTIMIZATION_LEVEL = 0;
				GCC_PREPROCESSOR_DEFINITIONS = (
					"DEBUG=1",
					"$(inherited)",
				);
				GCC_WARN_64_TO_32_BIT_CONVERSION = YES;
				GCC_WARN_ABOUT_RETURN_TYPE = YES_ERROR;
				GCC_WARN_UNDECLARED_SELECTOR = YES;
				GCC_WARN_UNINITIALIZED_AUTOS = YES_AGGRESSIVE;
				GCC_WARN_UNUSED_FUNCTION = YES;
				GCC_WARN_UNUSED_VARIABLE = YES;
				IPHONEOS_DEPLOYMENT_TARGET = 16.0;
				MTL_ENABLE_DEBUG_INFO = INCLUDE_SOURCE;
				MTL_FAST_MATH = YES;
				ONLY_ACTIVE_ARCH = YES;
				SDKROOT = iphoneos;
				SWIFT_ACTIVE_COMPILATION_CONDITIONS = DEBUG;
				SWIFT_OPTIMIZATION_LEVEL = "-Onone";
			};
			name = Debug;
		};
		962F33332949E77C00EAA7CD /* Release */ = {
			isa = XCBuildConfiguration;
			buildSettings = {
				ALWAYS_SEARCH_USER_PATHS = NO;
				CLANG_ANALYZER_NONNULL = YES;
				CLANG_ANALYZER_NUMBER_OBJECT_CONVERSION = YES_AGGRESSIVE;
				CLANG_CXX_LANGUAGE_STANDARD = "gnu++20";
				CLANG_ENABLE_MODULES = YES;
				CLANG_ENABLE_OBJC_ARC = YES;
				CLANG_ENABLE_OBJC_WEAK = YES;
				CLANG_WARN_BLOCK_CAPTURE_AUTORELEASING = YES;
				CLANG_WARN_BOOL_CONVERSION = YES;
				CLANG_WARN_COMMA = YES;
				CLANG_WARN_CONSTANT_CONVERSION = YES;
				CLANG_WARN_DEPRECATED_OBJC_IMPLEMENTATIONS = YES;
				CLANG_WARN_DIRECT_OBJC_ISA_USAGE = YES_ERROR;
				CLANG_WARN_DOCUMENTATION_COMMENTS = YES;
				CLANG_WARN_EMPTY_BODY = YES;
				CLANG_WARN_ENUM_CONVERSION = YES;
				CLANG_WARN_INFINITE_RECURSION = YES;
				CLANG_WARN_INT_CONVERSION = YES;
				CLANG_WARN_NON_LITERAL_NULL_CONVERSION = YES;
				CLANG_WARN_OBJC_IMPLICIT_RETAIN_SELF = YES;
				CLANG_WARN_OBJC_LITERAL_CONVERSION = YES;
				CLANG_WARN_OBJC_ROOT_CLASS = YES_ERROR;
				CLANG_WARN_QUOTED_INCLUDE_IN_FRAMEWORK_HEADER = YES;
				CLANG_WARN_RANGE_LOOP_ANALYSIS = YES;
				CLANG_WARN_STRICT_PROTOTYPES = YES;
				CLANG_WARN_SUSPICIOUS_MOVE = YES;
				CLANG_WARN_UNGUARDED_AVAILABILITY = YES_AGGRESSIVE;
				CLANG_WARN_UNREACHABLE_CODE = YES;
				CLANG_WARN__DUPLICATE_METHOD_MATCH = YES;
				COPY_PHASE_STRIP = NO;
				DEBUG_INFORMATION_FORMAT = "dwarf-with-dsym";
				ENABLE_NS_ASSERTIONS = NO;
				ENABLE_STRICT_OBJC_MSGSEND = YES;
				GCC_C_LANGUAGE_STANDARD = gnu11;
				GCC_NO_COMMON_BLOCKS = YES;
				GCC_WARN_64_TO_32_BIT_CONVERSION = YES;
				GCC_WARN_ABOUT_RETURN_TYPE = YES_ERROR;
				GCC_WARN_UNDECLARED_SELECTOR = YES;
				GCC_WARN_UNINITIALIZED_AUTOS = YES_AGGRESSIVE;
				GCC_WARN_UNUSED_FUNCTION = YES;
				GCC_WARN_UNUSED_VARIABLE = YES;
				IPHONEOS_DEPLOYMENT_TARGET = 16.0;
				MTL_ENABLE_DEBUG_INFO = NO;
				MTL_FAST_MATH = YES;
				SDKROOT = iphoneos;
				SWIFT_COMPILATION_MODE = wholemodule;
				SWIFT_OPTIMIZATION_LEVEL = "-O";
				VALIDATE_PRODUCT = YES;
			};
			name = Release;
		};
		962F33352949E77C00EAA7CD /* Debug */ = {
			isa = XCBuildConfiguration;
			buildSettings = {
				ASSETCATALOG_COMPILER_APPICON_NAME = AppIcon;
				ASSETCATALOG_COMPILER_GLOBAL_ACCENT_COLOR_NAME = AccentColor;
				CODE_SIGN_STYLE = Automatic;
				CURRENT_PROJECT_VERSION = 1;
				DEVELOPMENT_TEAM = 33TNG9DCG9;
				GENERATE_INFOPLIST_FILE = YES;
				INFOPLIST_FILE = "Example-iOS/Info.plist";
				INFOPLIST_KEY_UIApplicationSupportsIndirectInputEvents = YES;
				INFOPLIST_KEY_UILaunchStoryboardName = LaunchScreen;
				INFOPLIST_KEY_UIMainStoryboardFile = Main;
				INFOPLIST_KEY_UISupportedInterfaceOrientations_iPad = "UIInterfaceOrientationPortrait UIInterfaceOrientationPortraitUpsideDown UIInterfaceOrientationLandscapeLeft UIInterfaceOrientationLandscapeRight";
				INFOPLIST_KEY_UISupportedInterfaceOrientations_iPhone = "UIInterfaceOrientationPortrait UIInterfaceOrientationLandscapeLeft UIInterfaceOrientationLandscapeRight";
				IPHONEOS_DEPLOYMENT_TARGET = 11.0;
				LD_RUNPATH_SEARCH_PATHS = (
					"$(inherited)",
					"@executable_path/Frameworks",
				);
				MARKETING_VERSION = 1.0;
				PRODUCT_BUNDLE_IDENTIFIER = "com.ipro.cache.Example-iOS";
				PRODUCT_NAME = "$(TARGET_NAME)";
				SWIFT_EMIT_LOC_STRINGS = YES;
				SWIFT_VERSION = 5.0;
				TARGETED_DEVICE_FAMILY = "1,2";
			};
			name = Debug;
		};
		962F33362949E77C00EAA7CD /* Release */ = {
			isa = XCBuildConfiguration;
			buildSettings = {
				ASSETCATALOG_COMPILER_APPICON_NAME = AppIcon;
				ASSETCATALOG_COMPILER_GLOBAL_ACCENT_COLOR_NAME = AccentColor;
				CODE_SIGN_STYLE = Automatic;
				CURRENT_PROJECT_VERSION = 1;
				DEVELOPMENT_TEAM = 33TNG9DCG9;
				GENERATE_INFOPLIST_FILE = YES;
				INFOPLIST_FILE = "Example-iOS/Info.plist";
				INFOPLIST_KEY_UIApplicationSupportsIndirectInputEvents = YES;
				INFOPLIST_KEY_UILaunchStoryboardName = LaunchScreen;
				INFOPLIST_KEY_UIMainStoryboardFile = Main;
				INFOPLIST_KEY_UISupportedInterfaceOrientations_iPad = "UIInterfaceOrientationPortrait UIInterfaceOrientationPortraitUpsideDown UIInterfaceOrientationLandscapeLeft UIInterfaceOrientationLandscapeRight";
				INFOPLIST_KEY_UISupportedInterfaceOrientations_iPhone = "UIInterfaceOrientationPortrait UIInterfaceOrientationLandscapeLeft UIInterfaceOrientationLandscapeRight";
				IPHONEOS_DEPLOYMENT_TARGET = 11.0;
				LD_RUNPATH_SEARCH_PATHS = (
					"$(inherited)",
					"@executable_path/Frameworks",
				);
				MARKETING_VERSION = 1.0;
				PRODUCT_BUNDLE_IDENTIFIER = "com.ipro.cache.Example-iOS";
				PRODUCT_NAME = "$(TARGET_NAME)";
				SWIFT_EMIT_LOC_STRINGS = YES;
				SWIFT_VERSION = 5.0;
				TARGETED_DEVICE_FAMILY = "1,2";
			};
			name = Release;
		};
/* End XCBuildConfiguration section */

/* Begin XCConfigurationList section */
		962F331B2949E77B00EAA7CD /* Build configuration list for PBXProject "Example-iOS" */ = {
			isa = XCConfigurationList;
			buildConfigurations = (
				962F33322949E77C00EAA7CD /* Debug */,
				962F33332949E77C00EAA7CD /* Release */,
			);
			defaultConfigurationIsVisible = 0;
			defaultConfigurationName = Release;
		};
		962F33342949E77C00EAA7CD /* Build configuration list for PBXNativeTarget "Example-iOS" */ = {
			isa = XCConfigurationList;
			buildConfigurations = (
				962F33352949E77C00EAA7CD /* Debug */,
				962F33362949E77C00EAA7CD /* Release */,
			);
			defaultConfigurationIsVisible = 0;
			defaultConfigurationName = Release;
		};
/* End XCConfigurationList section */

/* Begin XCSwiftPackageProductDependency section */
		962F33452949E83B00EAA7CD /* Cache */ = {
			isa = XCSwiftPackageProductDependency;
			productName = Cache;
		};
/* End XCSwiftPackageProductDependency section */
	};
	rootObject = 962F33182949E77B00EAA7CD /* Project object */;
}
